
Microsoft Visual Studio Solution File, Format Version 12.00
# Visual Studio Version 17
VisualStudioVersion = 17.14.36301.6 d17.14
MinimumVisualStudioVersion = 10.0.40219.1
Project("{FAE04EC0-301F-11D3-BF4B-00C04F79EFBC}") = "CodingTracker", "CodingTracker\CodingTracker.csproj", "{C2D0BFE7-13EC-44A0-B6CB-0503E1479E71}"
EndProject
Global
	GlobalSection(SolutionConfigurationPlatforms) = preSolution
		Debug|Any CPU = Debug|Any CPU
		Release|Any CPU = Release|Any CPU
	EndGlobalSection
	GlobalSection(ProjectConfigurationPlatforms) = postSolution
		{C2D0BFE7-13EC-44A0-B6CB-0503E1479E71}.Debug|Any CPU.ActiveCfg = Debug|Any CPU
		{C2D0BFE7-13EC-44A0-B6CB-0503E1479E71}.Debug|Any CPU.Build.0 = Debug|Any CPU
		{C2D0BFE7-13EC-44A0-B6CB-0503E1479E71}.Release|Any CPU.ActiveCfg = Release|Any CPU
		{C2D0BFE7-13EC-44A0-B6CB-0503E1479E71}.Release|Any CPU.Build.0 = Release|Any CPU
	EndGlobalSection
	GlobalSection(SolutionProperties) = preSolution
		HideSolutionNode = FALSE
	EndGlobalSection
	GlobalSection(ExtensibilityGlobals) = postSolution
		SolutionGuid = {CD8ACB55-FAD9-4162-B1DD-1A2C149345F7}
	EndGlobalSection
EndGlobal
